<?xml version="1.0" encoding="utf-8"?>
<Project ToolsVersion="4.0" xmlns="http://schemas.microsoft.com/developer/msbuild/2003">
  <ItemGroup>
    <Filter Include="editor-e.4">
      <UniqueIdentifier>{d334448c-613f-40fb-85d2-a277d9092b2c}</UniqueIdentifier>
    </Filter>
    <Filter Include="filer-F5">
      <UniqueIdentifier>{e27cc6de-bf3f-4bf2-bbc3-b4b951d97c88}</UniqueIdentifier>
    </Filter>
    <Filter Include="1.5.b.1-ASM">
      <UniqueIdentifier>{0b480581-87b9-448e-b3d6-bf8140591dd4}</UniqueIdentifier>
    </Filter>
    <Filter Include="I.5Compiler">
      <UniqueIdentifier>{2506e538-efd4-4f4a-b246-765e9bc6f2a6}</UniqueIdentifier>
    </Filter>
    <Filter Include="I.5Disasm">
      <UniqueIdentifier>{0293bcdc-ba86-40c8-ace1-9df7143eba2c}</UniqueIdentifier>
    </Filter>
    <Filter Include="I.5Linker">
      <UniqueIdentifier>{b8673334-6b77-4132-844b-ee1d04eb1171}</UniqueIdentifier>
    </Filter>
    <Filter Include="I.5System">
      <UniqueIdentifier>{f5688ed5-7339-4674-b66d-a55bfa3e6e3e}</UniqueIdentifier>
    </Filter>
    <Filter Include="Various Interpreters">
      <UniqueIdentifier>{f222ca35-3c59-47ee-8900-235f07de9886}</UniqueIdentifier>
    </Filter>
  </ItemGroup>
  <ItemGroup>
    <None Include="I.5Binder.text">
      <Filter>Various Interpreters</Filter>
    </None>
    <None Include="I.5Librarian.text">
      <Filter>Various Interpreters</Filter>
    </None>
    <None Include="editor-e.4\COMMAND.PAS">
      <Filter>editor-e.4</Filter>
    </None>
    <None Include="editor-e.4\EDITOR.PAS">
      <Filter>editor-e.4</Filter>
    </None>
    <None Include="editor-e.4\ENVIRON.PAS">
      <Filter>editor-e.4</Filter>
    </None>
    <None Include="editor-e.4\FIND.PAS">
      <Filter>editor-e.4</Filter>
    </None>
    <None Include="editor-e.4\HEAD.PAS">
      <Filter>editor-e.4</Filter>
    </None>
    <None Include="editor-e.4\INIT.PAS">
      <Filter>editor-e.4</Filter>
    </None>
    <None Include="editor-e.4\INSERTIT.PAS">
      <Filter>editor-e.4</Filter>
    </None>
    <None Include="editor-e.4\MISC.PAS">
      <Filter>editor-e.4</Filter>
    </None>
    <None Include="editor-e.4\MOVEIT.PAS">
      <Filter>editor-e.4</Filter>
    </None>
    <None Include="editor-e.4\OUT.PAS">
      <Filter>editor-e.4</Filter>
    </None>
    <None Include="editor-e.4\USER.PAS">
      <Filter>editor-e.4</Filter>
    </None>
    <None Include="editor-e.4\UTIL.PAS">
      <Filter>editor-e.4</Filter>
    </None>
    <None Include="I.5Compiler\BLOCK.TEXT">
      <Filter>I.5Compiler</Filter>
    </None>
    <None Include="I.5Compiler\BODYPARTA.TEXT">
      <Filter>I.5Compiler</Filter>
    </None>
    <None Include="I.5Compiler\BODYPARTB.TEXT">
      <Filter>I.5Compiler</Filter>
    </None>
    <None Include="I.5Compiler\BODYPARTC.TEXT">
      <Filter>I.5Compiler</Filter>
    </None>
    <None Include="I.5Compiler\BODYPARTD.TEXT">
      <Filter>I.5Compiler</Filter>
    </None>
    <None Include="I.5Compiler\BODYPARTE.TEXT">
      <Filter>I.5Compiler</Filter>
    </None>
    <None Include="I.5Compiler\COMPGLBLS.TEXT">
      <Filter>I.5Compiler</Filter>
    </None>
    <None Include="I.5Compiler\COMPILER.TEXT">
      <Filter>I.5Compiler</Filter>
    </None>
    <None Include="I.5Compiler\COMPINIT.TEXT">
      <Filter>I.5Compiler</Filter>
    </None>
    <None Include="I.5Compiler\DECPARTA.TEXT">
      <Filter>I.5Compiler</Filter>
    </None>
    <None Include="I.5Compiler\DECPARTB.TEXT">
      <Filter>I.5Compiler</Filter>
    </None>
    <None Include="I.5Compiler\DECPARTC.TEXT">
      <Filter>I.5Compiler</Filter>
    </None>
    <None Include="I.5Compiler\PROCS.A.TEXT">
      <Filter>I.5Compiler</Filter>
    </None>
    <None Include="I.5Compiler\PROCS.B.TEXT">
      <Filter>I.5Compiler</Filter>
    </None>
    <None Include="I.5Compiler\UNITPART.TEXT">
      <Filter>I.5Compiler</Filter>
    </None>
    <None Include="I.5Disasm\DISASM.TEXT">
      <Filter>I.5Disasm</Filter>
    </None>
    <None Include="I.5Disasm\DISASM1.TEXT">
      <Filter>I.5Disasm</Filter>
    </None>
    <None Include="I.5Disasm\DISASM2.TEXT">
      <Filter>I.5Disasm</Filter>
    </None>
    <None Include="I.5Disasm\OPCODES.I5">
      <Filter>I.5Disasm</Filter>
    </None>
    <None Include="I.5Linker\LINK0.TEXT">
      <Filter>I.5Linker</Filter>
    </None>
    <None Include="I.5Linker\LINK1.TEXT">
      <Filter>I.5Linker</Filter>
    </None>
    <None Include="I.5Linker\LINK2.TEXT">
      <Filter>I.5Linker</Filter>
    </None>
    <None Include="I.5Linker\LINK3A.TEXT">
      <Filter>I.5Linker</Filter>
    </None>
    <None Include="I.5Linker\LINK3B.TEXT">
      <Filter>I.5Linker</Filter>
    </None>
    <None Include="I.5Linker\LINKER.TEXT">
      <Filter>I.5Linker</Filter>
    </None>
    <None Include="I.5System\GLOBALS.TEXT">
      <Filter>I.5System</Filter>
    </None>
    <None Include="I.5System\SYSSEGS.TEXT">
      <Filter>I.5System</Filter>
    </None>
    <None Include="I.5System\SYSTEM.B.TEXT">
      <Filter>I.5System</Filter>
    </None>
    <None Include="I.5System\SYSTEM.C.TEXT">
      <Filter>I.5System</Filter>
    </None>
    <None Include="I.5System\SYSTEM.TEXT">
      <Filter>I.5System</Filter>
    </None>
  </ItemGroup>
  <ItemGroup>
    <Text Include="I.5-PDP-INTERP.TXT">
      <Filter>Various Interpreters</Filter>
    </Text>
    <Text Include="I5Z80Interp.TXT">
      <Filter>Various Interpreters</Filter>
    </Text>
    <Text Include="P.UCSD Pascal 1.5 Binder.txt">
      <Filter>Various Interpreters</Filter>
    </Text>
    <Text Include="P.UCSD Pascal 1.5 Compiler.txt">
      <Filter>Various Interpreters</Filter>
    </Text>
    <Text Include="P.UCSD Pascal 1.5 Disassembler.txt">
      <Filter>Various Interpreters</Filter>
    </Text>
    <Text Include="P.UCSD Pascal 1.5 LibMap.txt">
      <Filter>Various Interpreters</Filter>
    </Text>
    <Text Include="P.UCSD Pascal 1.5 Librarian.txt">
      <Filter>Various Interpreters</Filter>
    </Text>
    <Text Include="P.UCSD Pascal 1.5 Linker.txt">
      <Filter>Various Interpreters</Filter>
    </Text>
    <Text Include="P.UCSD Pascal 1.5 PIO Unit.txt">
      <Filter>Various Interpreters</Filter>
    </Text>
    <Text Include="P.UCSD Pascal 1.5 PIO.txt">
      <Filter>Various Interpreters</Filter>
    </Text>
    <Text Include="P.UCSD Pascal 1.5 Radix.txt">
      <Filter>Various Interpreters</Filter>
    </Text>
    <Text Include="P.UCSD Pascal 1.5 System.txt">
      <Filter>Various Interpreters</Filter>
    </Text>
    <Text Include="set1.txt">
      <Filter>Various Interpreters</Filter>
    </Text>
    <Text Include="UCSD Pascal 1.5 Interp CopyRite.txt">
      <Filter>Various Interpreters</Filter>
    </Text>
    <Text Include="UCSD Pascal 1.5 Interp MainOp.txt">
      <Filter>Various Interpreters</Filter>
    </Text>
    <Text Include="UCSD Pascal 1.5 Interp ProcOp.txt">
      <Filter>Various Interpreters</Filter>
    </Text>
    <Text Include="UCSD Pascal 1.5 Interp QXBOOT.txt">
      <Filter>Various Interpreters</Filter>
    </Text>
    <Text Include="UCSD Pascal 1.5 Interp RKBOOT.txt">
      <Filter>Various Interpreters</Filter>
    </Text>
    <Text Include="UCSD Pascal 1.5 Interp RXBOOT.txt">
      <Filter>Various Interpreters</Filter>
    </Text>
    <Text Include="UCSD Pascal 1.5 Interp TERAK.txt">
      <Filter>Various Interpreters</Filter>
    </Text>
    <Text Include="UCSD Pascal 1.5 LibMap.txt">
      <Filter>Various Interpreters</Filter>
    </Text>
    <Text Include="UCSD Pascal 1.5 PIO Unit.txt">
      <Filter>Various Interpreters</Filter>
    </Text>
    <Text Include="UCSD Pascal 1.5 PIO.txt">
      <Filter>Various Interpreters</Filter>
    </Text>
    <Text Include="UCSD Pascal 1.5 Radix.txt">
      <Filter>Various Interpreters</Filter>
    </Text>
    <Text Include="filer-F5\filenote.txt">
      <Filter>filer-F5</Filter>
    </Text>
    <Text Include="filer-F5\FILER.TXT">
      <Filter>filer-F5</Filter>
    </Text>
    <Text Include="filer-F5\FILERA.TXT">
      <Filter>filer-F5</Filter>
    </Text>
    <Text Include="filer-F5\FILERB.TXT">
      <Filter>filer-F5</Filter>
    </Text>
    <Text Include="filer-F5\FILERC.TXT">
      <Filter>filer-F5</Filter>
    </Text>
    <Text Include="filer-F5\FILERD.TXT">
      <Filter>filer-F5</Filter>
    </Text>
    <Text Include="filer-F5\GLOBALS.TXT">
      <Filter>filer-F5</Filter>
    </Text>
    <Text Include="I.5.b.1-ASM\ASM1.TXT">
      <Filter>1.5.b.1-ASM</Filter>
    </Text>
    <Text Include="I.5.b.1-ASM\ASM2.TXT">
      <Filter>1.5.b.1-ASM</Filter>
    </Text>
    <Text Include="I.5.b.1-ASM\ASM3.TXT">
      <Filter>1.5.b.1-ASM</Filter>
    </Text>
    <Text Include="I.5.b.1-ASM\ASM4.TXT">
      <Filter>1.5.b.1-ASM</Filter>
    </Text>
    <Text Include="I.5.b.1-ASM\ASM5.TXT">
      <Filter>1.5.b.1-ASM</Filter>
    </Text>
    <Text Include="I.5.b.1-ASM\ASM6.TXT">
      <Filter>1.5.b.1-ASM</Filter>
    </Text>
  </ItemGroup>
</Project>