
Microsoft Visual Studio Solution File, Format Version 12.00
# Visual Studio Express 2012 for Windows 8
Project("{8BC9CEB8-8B4A-11D0-8D11-00A0C91BC942}") = "ReTro Pascal", "ReTro Pascal\ReTro Pascal.vcxproj", "{98DF9436-9A22-4F1D-AF98-695298B8EAE9}"
	ProjectSection(ProjectDependencies) = postProject
		{C9F3FFC9-DAE4-4D90-B788-1492AD5A1A18} = {C9F3FFC9-DAE4-4D90-B788-1492AD5A1A18}
	EndProjectSection
EndProject
Project("{8BC9CEB8-8B4A-11D0-8D11-00A0C91BC942}") = "Contrib", "Contrib\Contrib.vcxproj", "{3DE435F6-A156-4565-9A06-35302985F43B}"
EndProject
Project("{8BC9CEB8-8B4A-11D0-8D11-00A0C91BC942}") = "ucsd-psystem-vm-0.11-raw", "ucsd-psystem-vm-0.11-raw\ucsd-psystem-vm-0.11-raw.vcxproj", "{01AE7A1B-3949-442F-AE73-3831C8BC2E98}"
EndProject
Project("{8BC9CEB8-8B4A-11D0-8D11-00A0C91BC942}") = "UCSD Pascal 1.5", "UCSD Pascal 1.5\UCSD Pascal 1.5.vcxproj", "{7DC2BFFB-5BA2-467A-B920-7074AC3F4102}"
EndProject
Project("{8BC9CEB8-8B4A-11D0-8D11-00A0C91BC942}") = "ucsd-psystem-os-1.3-raw", "ucsd-psystem-os-1.3-raw\ucsd-psystem-os-1.3-raw.vcxproj", "{38D543AE-8A7D-4CE1-8EC2-573B509ADB81}"
EndProject
Project("{8BC9CEB8-8B4A-11D0-8D11-00A0C91BC942}") = "ucsd-psystem lib", "ucsd-psystem lib\ucsd-psystem lib.vcxproj", "{FB1983C4-45CD-4B38-B706-ED9F88C4E223}"
EndProject
Project("{FAE04EC0-301F-11D3-BF4B-00C04F79EFBC}") = "UCSD Sources", "UCSD Sources\UCSD Sources.csproj", "{BE84B868-4639-4B15-8440-9E4DF6A2F203}"
EndProject
Project("{8BC9CEB8-8B4A-11D0-8D11-00A0C91BC942}") = "PSystem", "PSystem\PSystem.vcxproj", "{C9F3FFC9-DAE4-4D90-B788-1492AD5A1A18}"
EndProject
Global
	GlobalSection(TeamFoundationVersionControl) = preSolution
		SccNumberOfProjects = 8
		SccEnterpriseProvider = {4CA58AB2-18FA-4F8D-95D4-32DDF27D184C}
		SccTeamFoundationServer = https://seide.visualstudio.com/defaultcollection
		SccProjectUniqueName0 = ReTro\u0020Pascal\\ReTro\u0020Pascal.vcxproj
		SccProjectName0 = ReTro\u0020Pascal
		SccAuxPath0 = https://seide.visualstudio.com/defaultcollection
		SccLocalPath0 = ReTro\u0020Pascal
		SccProvider0 = {4CA58AB2-18FA-4F8D-95D4-32DDF27D184C}
		SccProjectUniqueName1 = Contrib\\Contrib.vcxproj
		SccProjectName1 = Contrib
		SccAuxPath1 = https://seide.visualstudio.com/defaultcollection
		SccLocalPath1 = Contrib
		SccProvider1 = {4CA58AB2-18FA-4F8D-95D4-32DDF27D184C}
		SccProjectUniqueName2 = ucsd-psystem-vm-0.11-raw\\ucsd-psystem-vm-0.11-raw.vcxproj
		SccProjectName2 = ucsd-psystem-vm-0.11-raw
		SccAuxPath2 = https://seide.visualstudio.com/defaultcollection
		SccLocalPath2 = ucsd-psystem-vm-0.11-raw
		SccProvider2 = {4CA58AB2-18FA-4F8D-95D4-32DDF27D184C}
		SccProjectUniqueName3 = UCSD\u0020Pascal\u00201.5\\UCSD\u0020Pascal\u00201.5.vcxproj
		SccProjectName3 = UCSD\u0020Pascal\u00201.5
		SccAuxPath3 = https://seide.visualstudio.com/defaultcollection
		SccLocalPath3 = UCSD\u0020Pascal\u00201.5
		SccProvider3 = {4CA58AB2-18FA-4F8D-95D4-32DDF27D184C}
		SccProjectUniqueName4 = ucsd-psystem-os-1.3-raw\\ucsd-psystem-os-1.3-raw.vcxproj
		SccProjectName4 = ucsd-psystem-os-1.3-raw
		SccAuxPath4 = https://seide.visualstudio.com/defaultcollection
		SccLocalPath4 = ucsd-psystem-os-1.3-raw
		SccProvider4 = {4CA58AB2-18FA-4F8D-95D4-32DDF27D184C}
		SccProjectUniqueName5 = ucsd-psystem\u0020lib\\ucsd-psystem\u0020lib.vcxproj
		SccProjectName5 = ucsd-psystem\u0020lib
		SccAuxPath5 = https://seide.visualstudio.com/defaultcollection
		SccLocalPath5 = ucsd-psystem\u0020lib
		SccProvider5 = {4CA58AB2-18FA-4F8D-95D4-32DDF27D184C}
		SccProjectUniqueName6 = UCSD\u0020Sources\\UCSD\u0020Sources.csproj
		SccProjectName6 = UCSD\u0020Sources
		SccAuxPath6 = https://seide.visualstudio.com/defaultcollection
		SccLocalPath6 = UCSD\u0020Sources
		SccProvider6 = {4CA58AB2-18FA-4F8D-95D4-32DDF27D184C}
		SccProjectUniqueName7 = PSystem\\PSystem.vcxproj
		SccProjectName7 = PSystem
		SccAuxPath7 = https://seide.visualstudio.com/defaultcollection
		SccLocalPath7 = PSystem
		SccProvider7 = {4CA58AB2-18FA-4F8D-95D4-32DDF27D184C}
	EndGlobalSection
	GlobalSection(SolutionConfigurationPlatforms) = preSolution
		Debug|Any CPU = Debug|Any CPU
		Debug|ARM = Debug|ARM
		Debug|Win32 = Debug|Win32
		Debug|x64 = Debug|x64
		Debug|x86 = Debug|x86
		Release|Any CPU = Release|Any CPU
		Release|ARM = Release|ARM
		Release|Win32 = Release|Win32
		Release|x64 = Release|x64
		Release|x86 = Release|x86
	EndGlobalSection
	GlobalSection(ProjectConfigurationPlatforms) = postSolution
		{98DF9436-9A22-4F1D-AF98-695298B8EAE9}.Debug|Any CPU.ActiveCfg = Debug|Win32
		{98DF9436-9A22-4F1D-AF98-695298B8EAE9}.Debug|ARM.ActiveCfg = Debug|ARM
		{98DF9436-9A22-4F1D-AF98-695298B8EAE9}.Debug|ARM.Build.0 = Debug|ARM
		{98DF9436-9A22-4F1D-AF98-695298B8EAE9}.Debug|ARM.Deploy.0 = Debug|ARM
		{98DF9436-9A22-4F1D-AF98-695298B8EAE9}.Debug|Win32.ActiveCfg = Debug|Win32
		{98DF9436-9A22-4F1D-AF98-695298B8EAE9}.Debug|Win32.Build.0 = Debug|Win32
		{98DF9436-9A22-4F1D-AF98-695298B8EAE9}.Debug|Win32.Deploy.0 = Debug|Win32
		{98DF9436-9A22-4F1D-AF98-695298B8EAE9}.Debug|x64.ActiveCfg = Debug|x64
		{98DF9436-9A22-4F1D-AF98-695298B8EAE9}.Debug|x64.Build.0 = Debug|x64
		{98DF9436-9A22-4F1D-AF98-695298B8EAE9}.Debug|x64.Deploy.0 = Debug|x64
		{98DF9436-9A22-4F1D-AF98-695298B8EAE9}.Debug|x86.ActiveCfg = Debug|Win32
		{98DF9436-9A22-4F1D-AF98-695298B8EAE9}.Debug|x86.Build.0 = Debug|Win32
		{98DF9436-9A22-4F1D-AF98-695298B8EAE9}.Debug|x86.Deploy.0 = Debug|Win32
		{98DF9436-9A22-4F1D-AF98-695298B8EAE9}.Release|Any CPU.ActiveCfg = Release|Win32
		{98DF9436-9A22-4F1D-AF98-695298B8EAE9}.Release|ARM.ActiveCfg = Release|ARM
		{98DF9436-9A22-4F1D-AF98-695298B8EAE9}.Release|ARM.Build.0 = Release|ARM
		{98DF9436-9A22-4F1D-AF98-695298B8EAE9}.Release|ARM.Deploy.0 = Release|ARM
		{98DF9436-9A22-4F1D-AF98-695298B8EAE9}.Release|Win32.ActiveCfg = Release|Win32
		{98DF9436-9A22-4F1D-AF98-695298B8EAE9}.Release|Win32.Build.0 = Release|Win32
		{98DF9436-9A22-4F1D-AF98-695298B8EAE9}.Release|Win32.Deploy.0 = Release|Win32
		{98DF9436-9A22-4F1D-AF98-695298B8EAE9}.Release|x64.ActiveCfg = Release|x64
		{98DF9436-9A22-4F1D-AF98-695298B8EAE9}.Release|x64.Build.0 = Release|x64
		{98DF9436-9A22-4F1D-AF98-695298B8EAE9}.Release|x64.Deploy.0 = Release|x64
		{98DF9436-9A22-4F1D-AF98-695298B8EAE9}.Release|x86.ActiveCfg = Release|Win32
		{98DF9436-9A22-4F1D-AF98-695298B8EAE9}.Release|x86.Build.0 = Release|Win32
		{98DF9436-9A22-4F1D-AF98-695298B8EAE9}.Release|x86.Deploy.0 = Release|Win32
		{3DE435F6-A156-4565-9A06-35302985F43B}.Debug|Any CPU.ActiveCfg = Debug|Win32
		{3DE435F6-A156-4565-9A06-35302985F43B}.Debug|ARM.ActiveCfg = Debug|Win32
		{3DE435F6-A156-4565-9A06-35302985F43B}.Debug|Win32.ActiveCfg = Debug|Win32
		{3DE435F6-A156-4565-9A06-35302985F43B}.Debug|Win32.Build.0 = Debug|Win32
		{3DE435F6-A156-4565-9A06-35302985F43B}.Debug|x64.ActiveCfg = Debug|Win32
		{3DE435F6-A156-4565-9A06-35302985F43B}.Debug|x86.ActiveCfg = Debug|Win32
		{3DE435F6-A156-4565-9A06-35302985F43B}.Debug|x86.Build.0 = Debug|Win32
		{3DE435F6-A156-4565-9A06-35302985F43B}.Release|Any CPU.ActiveCfg = Release|Win32
		{3DE435F6-A156-4565-9A06-35302985F43B}.Release|ARM.ActiveCfg = Release|Win32
		{3DE435F6-A156-4565-9A06-35302985F43B}.Release|Win32.ActiveCfg = Release|Win32
		{3DE435F6-A156-4565-9A06-35302985F43B}.Release|Win32.Build.0 = Release|Win32
		{3DE435F6-A156-4565-9A06-35302985F43B}.Release|x64.ActiveCfg = Release|Win32
		{3DE435F6-A156-4565-9A06-35302985F43B}.Release|x86.ActiveCfg = Release|Win32
		{3DE435F6-A156-4565-9A06-35302985F43B}.Release|x86.Build.0 = Release|Win32
		{01AE7A1B-3949-442F-AE73-3831C8BC2E98}.Debug|Any CPU.ActiveCfg = Debug|Win32
		{01AE7A1B-3949-442F-AE73-3831C8BC2E98}.Debug|ARM.ActiveCfg = Debug|Win32
		{01AE7A1B-3949-442F-AE73-3831C8BC2E98}.Debug|Win32.ActiveCfg = Debug|Win32
		{01AE7A1B-3949-442F-AE73-3831C8BC2E98}.Debug|Win32.Build.0 = Debug|Win32
		{01AE7A1B-3949-442F-AE73-3831C8BC2E98}.Debug|x64.ActiveCfg = Debug|Win32
		{01AE7A1B-3949-442F-AE73-3831C8BC2E98}.Debug|x86.ActiveCfg = Debug|Win32
		{01AE7A1B-3949-442F-AE73-3831C8BC2E98}.Debug|x86.Build.0 = Debug|Win32
		{01AE7A1B-3949-442F-AE73-3831C8BC2E98}.Release|Any CPU.ActiveCfg = Release|Win32
		{01AE7A1B-3949-442F-AE73-3831C8BC2E98}.Release|ARM.ActiveCfg = Release|Win32
		{01AE7A1B-3949-442F-AE73-3831C8BC2E98}.Release|Win32.ActiveCfg = Release|Win32
		{01AE7A1B-3949-442F-AE73-3831C8BC2E98}.Release|Win32.Build.0 = Release|Win32
		{01AE7A1B-3949-442F-AE73-3831C8BC2E98}.Release|x64.ActiveCfg = Release|Win32
		{01AE7A1B-3949-442F-AE73-3831C8BC2E98}.Release|x86.ActiveCfg = Release|Win32
		{01AE7A1B-3949-442F-AE73-3831C8BC2E98}.Release|x86.Build.0 = Release|Win32
		{7DC2BFFB-5BA2-467A-B920-7074AC3F4102}.Debug|Any CPU.ActiveCfg = Debug|Win32
		{7DC2BFFB-5BA2-467A-B920-7074AC3F4102}.Debug|ARM.ActiveCfg = Debug|Win32
		{7DC2BFFB-5BA2-467A-B920-7074AC3F4102}.Debug|Win32.ActiveCfg = Debug|Win32
		{7DC2BFFB-5BA2-467A-B920-7074AC3F4102}.Debug|Win32.Build.0 = Debug|Win32
		{7DC2BFFB-5BA2-467A-B920-7074AC3F4102}.Debug|x64.ActiveCfg = Debug|Win32
		{7DC2BFFB-5BA2-467A-B920-7074AC3F4102}.Debug|x86.ActiveCfg = Debug|Win32
		{7DC2BFFB-5BA2-467A-B920-7074AC3F4102}.Debug|x86.Build.0 = Debug|Win32
		{7DC2BFFB-5BA2-467A-B920-7074AC3F4102}.Release|Any CPU.ActiveCfg = Release|Win32
		{7DC2BFFB-5BA2-467A-B920-7074AC3F4102}.Release|ARM.ActiveCfg = Release|Win32
		{7DC2BFFB-5BA2-467A-B920-7074AC3F4102}.Release|Win32.ActiveCfg = Release|Win32
		{7DC2BFFB-5BA2-467A-B920-7074AC3F4102}.Release|Win32.Build.0 = Release|Win32
		{7DC2BFFB-5BA2-467A-B920-7074AC3F4102}.Release|x64.ActiveCfg = Release|Win32
		{7DC2BFFB-5BA2-467A-B920-7074AC3F4102}.Release|x86.ActiveCfg = Release|Win32
		{7DC2BFFB-5BA2-467A-B920-7074AC3F4102}.Release|x86.Build.0 = Release|Win32
		{38D543AE-8A7D-4CE1-8EC2-573B509ADB81}.Debug|Any CPU.ActiveCfg = Debug|Win32
		{38D543AE-8A7D-4CE1-8EC2-573B509ADB81}.Debug|ARM.ActiveCfg = Debug|Win32
		{38D543AE-8A7D-4CE1-8EC2-573B509ADB81}.Debug|Win32.ActiveCfg = Debug|Win32
		{38D543AE-8A7D-4CE1-8EC2-573B509ADB81}.Debug|Win32.Build.0 = Debug|Win32
		{38D543AE-8A7D-4CE1-8EC2-573B509ADB81}.Debug|x64.ActiveCfg = Debug|Win32
		{38D543AE-8A7D-4CE1-8EC2-573B509ADB81}.Debug|x86.ActiveCfg = Debug|Win32
		{38D543AE-8A7D-4CE1-8EC2-573B509ADB81}.Debug|x86.Build.0 = Debug|Win32
		{38D543AE-8A7D-4CE1-8EC2-573B509ADB81}.Release|Any CPU.ActiveCfg = Release|Win32
		{38D543AE-8A7D-4CE1-8EC2-573B509ADB81}.Release|ARM.ActiveCfg = Release|Win32
		{38D543AE-8A7D-4CE1-8EC2-573B509ADB81}.Release|Win32.ActiveCfg = Release|Win32
		{38D543AE-8A7D-4CE1-8EC2-573B509ADB81}.Release|Win32.Build.0 = Release|Win32
		{38D543AE-8A7D-4CE1-8EC2-573B509ADB81}.Release|x64.ActiveCfg = Release|Win32
		{38D543AE-8A7D-4CE1-8EC2-573B509ADB81}.Release|x86.ActiveCfg = Release|Win32
		{38D543AE-8A7D-4CE1-8EC2-573B509ADB81}.Release|x86.Build.0 = Release|Win32
		{FB1983C4-45CD-4B38-B706-ED9F88C4E223}.Debug|Any CPU.ActiveCfg = Debug|Win32
		{FB1983C4-45CD-4B38-B706-ED9F88C4E223}.Debug|ARM.ActiveCfg = Debug|ARM
		{FB1983C4-45CD-4B38-B706-ED9F88C4E223}.Debug|ARM.Build.0 = Debug|ARM
		{FB1983C4-45CD-4B38-B706-ED9F88C4E223}.Debug|Win32.ActiveCfg = Debug|Win32
		{FB1983C4-45CD-4B38-B706-ED9F88C4E223}.Debug|Win32.Build.0 = Debug|Win32
		{FB1983C4-45CD-4B38-B706-ED9F88C4E223}.Debug|x64.ActiveCfg = Debug|x64
		{FB1983C4-45CD-4B38-B706-ED9F88C4E223}.Debug|x64.Build.0 = Debug|x64
		{FB1983C4-45CD-4B38-B706-ED9F88C4E223}.Debug|x86.ActiveCfg = Debug|Win32
		{FB1983C4-45CD-4B38-B706-ED9F88C4E223}.Debug|x86.Build.0 = Debug|Win32
		{FB1983C4-45CD-4B38-B706-ED9F88C4E223}.Release|Any CPU.ActiveCfg = Release|Win32
		{FB1983C4-45CD-4B38-B706-ED9F88C4E223}.Release|ARM.ActiveCfg = Release|ARM
		{FB1983C4-45CD-4B38-B706-ED9F88C4E223}.Release|ARM.Build.0 = Release|ARM
		{FB1983C4-45CD-4B38-B706-ED9F88C4E223}.Release|Win32.ActiveCfg = Release|Win32
		{FB1983C4-45CD-4B38-B706-ED9F88C4E223}.Release|Win32.Build.0 = Release|Win32
		{FB1983C4-45CD-4B38-B706-ED9F88C4E223}.Release|x64.ActiveCfg = Release|x64
		{FB1983C4-45CD-4B38-B706-ED9F88C4E223}.Release|x64.Build.0 = Release|x64
		{FB1983C4-45CD-4B38-B706-ED9F88C4E223}.Release|x86.ActiveCfg = Release|Win32
		{FB1983C4-45CD-4B38-B706-ED9F88C4E223}.Release|x86.Build.0 = Release|Win32
		{BE84B868-4639-4B15-8440-9E4DF6A2F203}.Debug|Any CPU.ActiveCfg = Debug|Any CPU
		{BE84B868-4639-4B15-8440-9E4DF6A2F203}.Debug|Any CPU.Build.0 = Debug|Any CPU
		{BE84B868-4639-4B15-8440-9E4DF6A2F203}.Debug|ARM.ActiveCfg = Debug|ARM
		{BE84B868-4639-4B15-8440-9E4DF6A2F203}.Debug|ARM.Build.0 = Debug|ARM
		{BE84B868-4639-4B15-8440-9E4DF6A2F203}.Debug|Win32.ActiveCfg = Debug|x86
		{BE84B868-4639-4B15-8440-9E4DF6A2F203}.Debug|Win32.Build.0 = Debug|x86
		{BE84B868-4639-4B15-8440-9E4DF6A2F203}.Debug|x64.ActiveCfg = Debug|x64
		{BE84B868-4639-4B15-8440-9E4DF6A2F203}.Debug|x64.Build.0 = Debug|x64
		{BE84B868-4639-4B15-8440-9E4DF6A2F203}.Debug|x86.ActiveCfg = Debug|x86
		{BE84B868-4639-4B15-8440-9E4DF6A2F203}.Debug|x86.Build.0 = Debug|x86
		{BE84B868-4639-4B15-8440-9E4DF6A2F203}.Release|Any CPU.ActiveCfg = Release|Any CPU
		{BE84B868-4639-4B15-8440-9E4DF6A2F203}.Release|Any CPU.Build.0 = Release|Any CPU
		{BE84B868-4639-4B15-8440-9E4DF6A2F203}.Release|ARM.ActiveCfg = Release|ARM
		{BE84B868-4639-4B15-8440-9E4DF6A2F203}.Release|ARM.Build.0 = Release|ARM
		{BE84B868-4639-4B15-8440-9E4DF6A2F203}.Release|Win32.ActiveCfg = Release|x86
		{BE84B868-4639-4B15-8440-9E4DF6A2F203}.Release|Win32.Build.0 = Release|x86
		{BE84B868-4639-4B15-8440-9E4DF6A2F203}.Release|x64.ActiveCfg = Release|x64
		{BE84B868-4639-4B15-8440-9E4DF6A2F203}.Release|x64.Build.0 = Release|x64
		{BE84B868-4639-4B15-8440-9E4DF6A2F203}.Release|x86.ActiveCfg = Release|x86
		{BE84B868-4639-4B15-8440-9E4DF6A2F203}.Release|x86.Build.0 = Release|x86
		{C9F3FFC9-DAE4-4D90-B788-1492AD5A1A18}.Debug|Any CPU.ActiveCfg = Debug|Win32
		{C9F3FFC9-DAE4-4D90-B788-1492AD5A1A18}.Debug|ARM.ActiveCfg = Debug|ARM
		{C9F3FFC9-DAE4-4D90-B788-1492AD5A1A18}.Debug|ARM.Build.0 = Debug|ARM
		{C9F3FFC9-DAE4-4D90-B788-1492AD5A1A18}.Debug|Win32.ActiveCfg = Debug|Win32
		{C9F3FFC9-DAE4-4D90-B788-1492AD5A1A18}.Debug|Win32.Build.0 = Debug|Win32
		{C9F3FFC9-DAE4-4D90-B788-1492AD5A1A18}.Debug|x64.ActiveCfg = Debug|x64
		{C9F3FFC9-DAE4-4D90-B788-1492AD5A1A18}.Debug|x64.Build.0 = Debug|x64
		{C9F3FFC9-DAE4-4D90-B788-1492AD5A1A18}.Debug|x86.ActiveCfg = Debug|Win32
		{C9F3FFC9-DAE4-4D90-B788-1492AD5A1A18}.Debug|x86.Build.0 = Debug|Win32
		{C9F3FFC9-DAE4-4D90-B788-1492AD5A1A18}.Release|Any CPU.ActiveCfg = Release|Win32
		{C9F3FFC9-DAE4-4D90-B788-1492AD5A1A18}.Release|ARM.ActiveCfg = Release|ARM
		{C9F3FFC9-DAE4-4D90-B788-1492AD5A1A18}.Release|ARM.Build.0 = Release|ARM
		{C9F3FFC9-DAE4-4D90-B788-1492AD5A1A18}.Release|Win32.ActiveCfg = Release|Win32
		{C9F3FFC9-DAE4-4D90-B788-1492AD5A1A18}.Release|Win32.Build.0 = Release|Win32
		{C9F3FFC9-DAE4-4D90-B788-1492AD5A1A18}.Release|x64.ActiveCfg = Release|x64
		{C9F3FFC9-DAE4-4D90-B788-1492AD5A1A18}.Release|x64.Build.0 = Release|x64
		{C9F3FFC9-DAE4-4D90-B788-1492AD5A1A18}.Release|x86.ActiveCfg = Release|Win32
		{C9F3FFC9-DAE4-4D90-B788-1492AD5A1A18}.Release|x86.Build.0 = Release|Win32
	EndGlobalSection
	GlobalSection(SolutionProperties) = preSolution
		HideSolutionNode = FALSE
	EndGlobalSection
EndGlobal
