<?xml version="1.0" encoding="utf-8"?>
<Project ToolsVersion="4.0" xmlns="http://schemas.microsoft.com/developer/msbuild/2003">
  <ItemGroup>
    <Filter Include="Resource Files">
      <UniqueIdentifier>{67DA6AB6-F800-4c08-8B7A-83BB121AAD01}</UniqueIdentifier>
      <Extensions>rc;ico;cur;bmp;dlg;rc2;rct;bin;rgs;gif;jpg;jpeg;jpe;resx;tiff;tif;png;wav;mfcribbon-ms</Extensions>
    </Filter>
    <Filter Include="winrt">
      <UniqueIdentifier>{d421934f-35f3-4221-998b-9bcd42c835b7}</UniqueIdentifier>
    </Filter>
    <Filter Include="psystem sources for reference">
      <UniqueIdentifier>{d841ee4d-0be1-416b-9f8f-7b4c46a1abdb}</UniqueIdentifier>
    </Filter>
    <Filter Include="psystem sources for reference\other">
      <UniqueIdentifier>{cb25a637-30aa-4f48-bd61-0a05af22400e}</UniqueIdentifier>
    </Filter>
    <Filter Include="psystem sources for reference\filer">
      <UniqueIdentifier>{be838dc1-a5db-458f-9a32-3301fe708e2e}</UniqueIdentifier>
    </Filter>
    <Filter Include="psystem sources for reference\compiler">
      <UniqueIdentifier>{48687e60-1c17-4aa8-b842-cc50004a8ac6}</UniqueIdentifier>
    </Filter>
    <Filter Include="psystem sources for reference\editor">
      <UniqueIdentifier>{6b706909-5f21-4515-b168-5e42bae53021}</UniqueIdentifier>
    </Filter>
    <Filter Include="psystem sources for reference\system">
      <UniqueIdentifier>{16e86658-3d97-4074-9049-cd67f5d68a6f}</UniqueIdentifier>
    </Filter>
    <Filter Include="psystem sources for reference\linker">
      <UniqueIdentifier>{ac6e10ef-3052-4f79-bc5e-83dd0ca000ff}</UniqueIdentifier>
    </Filter>
    <Filter Include="doc">
      <UniqueIdentifier>{40ccea34-5289-41a3-9f1a-e22566794e57}</UniqueIdentifier>
    </Filter>
    <Filter Include="misc">
      <UniqueIdentifier>{ddd6d7d7-e508-4de3-9500-068f5f676145}</UniqueIdentifier>
    </Filter>
    <Filter Include="p_vm">
      <UniqueIdentifier>{6f767154-7888-4d72-88aa-9bccb26d583b}</UniqueIdentifier>
    </Filter>
    <Filter Include="p_unitimpl">
      <UniqueIdentifier>{85d73210-6dfe-4d8d-b2cc-dfa0f73f0edf}</UniqueIdentifier>
    </Filter>
    <Filter Include="p_runtimelib">
      <UniqueIdentifier>{dac141a8-a074-4650-baef-fcf215122e92}</UniqueIdentifier>
    </Filter>
    <Filter Include="p_cpu">
      <UniqueIdentifier>{825bc883-a452-4de6-acc7-e7d7977d557a}</UniqueIdentifier>
    </Filter>
  </ItemGroup>
  <ItemGroup>
    <ClCompile Include="lib\byte_sex.c">
      <Filter>p_vm</Filter>
    </ClCompile>
    <ClCompile Include="lib\diskio.c">
      <Filter>p_vm</Filter>
    </ClCompile>
    <ClCompile Include="lib\memory.c">
      <Filter>p_vm</Filter>
    </ClCompile>
    <ClCompile Include="ucsdpsys_vm\main.c">
      <Filter>p_cpu</Filter>
    </ClCompile>
    <ClCompile Include="ucsdpsys_vm\native6502.c">
      <Filter>p_cpu</Filter>
    </ClCompile>
    <ClCompile Include="ucsdpsys_vm\ptrace.c">
      <Filter>p_cpu</Filter>
    </ClCompile>
    <ClCompile Include="lib\progname.c">
      <Filter>misc</Filter>
    </ClCompile>
    <ClCompile Include="lib\version.c">
      <Filter>misc</Filter>
    </ClCompile>
    <ClCompile Include="lib\version_stamp.c">
      <Filter>misc</Filter>
    </ClCompile>
    <ClCompile Include="ucsdpsys_vm\unit_io.c">
      <Filter>p_runtimelib</Filter>
    </ClCompile>
    <ClCompile Include="ucsdpsys_vm\term.c">
      <Filter>p_vm</Filter>
    </ClCompile>
    <ClCompile Include="ucsdpsys_vm\printer.c">
      <Filter>p_vm</Filter>
    </ClCompile>
    <ClCompile Include="ucsdpsys_vm\sets.c">
      <Filter>p_runtimelib</Filter>
    </ClCompile>
    <ClCompile Include="ucsdpsys_vm\search.c">
      <Filter>p_runtimelib</Filter>
    </ClCompile>
    <ClCompile Include="ucsdpsys_vm\long_integer.c">
      <Filter>p_unitimpl</Filter>
    </ClCompile>
    <ClCompile Include="ucsdpsys_vm\turtlegr.c">
      <Filter>p_unitimpl</Filter>
    </ClCompile>
    <ClCompile Include="ucsdpsys_vm\array.c">
      <Filter>p_runtimelib</Filter>
    </ClCompile>
    <ClCompile Include="ucsdpsys_vm\stack.c">
      <Filter>p_vm</Filter>
    </ClCompile>
    <ClCompile Include="filesystem\diskio_winrt.cpp">
      <Filter>winrt</Filter>
    </ClCompile>
    <ClCompile Include="filesystem\converttext.cpp">
      <Filter>winrt</Filter>
    </ClCompile>
  </ItemGroup>
  <ItemGroup>
    <ClInclude Include="lib\byte_sex.h">
      <Filter>p_vm</Filter>
    </ClInclude>
    <ClInclude Include="lib\diskio.h">
      <Filter>p_vm</Filter>
    </ClInclude>
    <ClInclude Include="lib\memory.h">
      <Filter>p_vm</Filter>
    </ClInclude>
    <ClInclude Include="lib\pcode.h">
      <Filter>p_vm</Filter>
    </ClInclude>
    <ClInclude Include="lib\psystem.h">
      <Filter>p_vm</Filter>
    </ClInclude>
    <ClInclude Include="ucsdpsys_vm\native6502.h">
      <Filter>p_cpu</Filter>
    </ClInclude>
    <ClInclude Include="ucsdpsys_vm\ptrace.h">
      <Filter>p_cpu</Filter>
    </ClInclude>
    <ClInclude Include="winrt\compat.h">
      <Filter>winrt</Filter>
    </ClInclude>
    <ClInclude Include="winrt\libexplain.h">
      <Filter>winrt</Filter>
    </ClInclude>
    <ClInclude Include="ucsdpsys_vm\main.h">
      <Filter>p_cpu</Filter>
    </ClInclude>
    <ClInclude Include="lib\patchlevel.h">
      <Filter>misc</Filter>
    </ClInclude>
    <ClInclude Include="lib\gcc_attributes.h">
      <Filter>misc</Filter>
    </ClInclude>
    <ClInclude Include="lib\progname.h">
      <Filter>misc</Filter>
    </ClInclude>
    <ClInclude Include="lib\version.h">
      <Filter>misc</Filter>
    </ClInclude>
    <ClInclude Include="lib\version_stamp.h">
      <Filter>misc</Filter>
    </ClInclude>
    <ClInclude Include="ucsdpsys_vm\term.h">
      <Filter>p_vm</Filter>
    </ClInclude>
    <ClInclude Include="ucsdpsys_vm\printer.h">
      <Filter>p_vm</Filter>
    </ClInclude>
    <ClInclude Include="ucsdpsys_vm\sets.h">
      <Filter>p_runtimelib</Filter>
    </ClInclude>
    <ClInclude Include="ucsdpsys_vm\search.h">
      <Filter>p_runtimelib</Filter>
    </ClInclude>
    <ClInclude Include="ucsdpsys_vm\long_integer.h">
      <Filter>p_unitimpl</Filter>
    </ClInclude>
    <ClInclude Include="ucsdpsys_vm\turtlegr.h">
      <Filter>p_unitimpl</Filter>
    </ClInclude>
    <ClInclude Include="ucsdpsys_vm\array.h">
      <Filter>p_runtimelib</Filter>
    </ClInclude>
    <ClInclude Include="ucsdpsys_vm\stack.h">
      <Filter>p_vm</Filter>
    </ClInclude>
    <ClInclude Include="filesystem\diskio_winrt.h">
      <Filter>winrt</Filter>
    </ClInclude>
    <ClInclude Include="filesystem\converttext.h">
      <Filter>winrt</Filter>
    </ClInclude>
    <ClInclude Include="winrt\term_winrt.h">
      <Filter>winrt</Filter>
    </ClInclude>
  </ItemGroup>
  <ItemGroup>
    <None Include="..\UCSD Pascal 1.5\I.5Binder.text">
      <Filter>psystem sources for reference\other</Filter>
    </None>
    <None Include="..\UCSD Pascal 1.5\I.5Librarian.text">
      <Filter>psystem sources for reference\other</Filter>
    </None>
    <None Include="..\UCSD Pascal 1.5\I.5Compiler\BLOCK.TEXT">
      <Filter>psystem sources for reference\compiler</Filter>
    </None>
    <None Include="..\UCSD Pascal 1.5\I.5Compiler\BODYPARTA.TEXT">
      <Filter>psystem sources for reference\compiler</Filter>
    </None>
    <None Include="..\UCSD Pascal 1.5\I.5Compiler\BODYPARTB.TEXT">
      <Filter>psystem sources for reference\compiler</Filter>
    </None>
    <None Include="..\UCSD Pascal 1.5\I.5Compiler\BODYPARTC.TEXT">
      <Filter>psystem sources for reference\compiler</Filter>
    </None>
    <None Include="..\UCSD Pascal 1.5\I.5Compiler\BODYPARTD.TEXT">
      <Filter>psystem sources for reference\compiler</Filter>
    </None>
    <None Include="..\UCSD Pascal 1.5\I.5Compiler\BODYPARTE.TEXT">
      <Filter>psystem sources for reference\compiler</Filter>
    </None>
    <None Include="..\UCSD Pascal 1.5\I.5Compiler\COMPGLBLS.TEXT">
      <Filter>psystem sources for reference\compiler</Filter>
    </None>
    <None Include="..\UCSD Pascal 1.5\I.5Compiler\COMPILER.TEXT">
      <Filter>psystem sources for reference\compiler</Filter>
    </None>
    <None Include="..\UCSD Pascal 1.5\I.5Compiler\COMPINIT.TEXT">
      <Filter>psystem sources for reference\compiler</Filter>
    </None>
    <None Include="..\UCSD Pascal 1.5\I.5Compiler\DECPARTA.TEXT">
      <Filter>psystem sources for reference\compiler</Filter>
    </None>
    <None Include="..\UCSD Pascal 1.5\I.5Compiler\DECPARTB.TEXT">
      <Filter>psystem sources for reference\compiler</Filter>
    </None>
    <None Include="..\UCSD Pascal 1.5\I.5Compiler\DECPARTC.TEXT">
      <Filter>psystem sources for reference\compiler</Filter>
    </None>
    <None Include="..\UCSD Pascal 1.5\I.5Compiler\PROCS.A.TEXT">
      <Filter>psystem sources for reference\compiler</Filter>
    </None>
    <None Include="..\UCSD Pascal 1.5\I.5Compiler\PROCS.B.TEXT">
      <Filter>psystem sources for reference\compiler</Filter>
    </None>
    <None Include="..\UCSD Pascal 1.5\I.5Compiler\UNITPART.TEXT">
      <Filter>psystem sources for reference\compiler</Filter>
    </None>
    <None Include="..\UCSD Pascal 1.5\editor-e.4\COMMAND.PAS">
      <Filter>psystem sources for reference\editor</Filter>
    </None>
    <None Include="..\UCSD Pascal 1.5\editor-e.4\EDITOR.PAS">
      <Filter>psystem sources for reference\editor</Filter>
    </None>
    <None Include="..\UCSD Pascal 1.5\editor-e.4\ENVIRON.PAS">
      <Filter>psystem sources for reference\editor</Filter>
    </None>
    <None Include="..\UCSD Pascal 1.5\editor-e.4\FIND.PAS">
      <Filter>psystem sources for reference\editor</Filter>
    </None>
    <None Include="..\UCSD Pascal 1.5\editor-e.4\HEAD.PAS">
      <Filter>psystem sources for reference\editor</Filter>
    </None>
    <None Include="..\UCSD Pascal 1.5\editor-e.4\INIT.PAS">
      <Filter>psystem sources for reference\editor</Filter>
    </None>
    <None Include="..\UCSD Pascal 1.5\editor-e.4\INSERTIT.PAS">
      <Filter>psystem sources for reference\editor</Filter>
    </None>
    <None Include="..\UCSD Pascal 1.5\editor-e.4\MISC.PAS">
      <Filter>psystem sources for reference\editor</Filter>
    </None>
    <None Include="..\UCSD Pascal 1.5\editor-e.4\MOVEIT.PAS">
      <Filter>psystem sources for reference\editor</Filter>
    </None>
    <None Include="..\UCSD Pascal 1.5\editor-e.4\OUT.PAS">
      <Filter>psystem sources for reference\editor</Filter>
    </None>
    <None Include="..\UCSD Pascal 1.5\editor-e.4\USER.PAS">
      <Filter>psystem sources for reference\editor</Filter>
    </None>
    <None Include="..\UCSD Pascal 1.5\editor-e.4\UTIL.PAS">
      <Filter>psystem sources for reference\editor</Filter>
    </None>
    <None Include="..\UCSD Pascal 1.5\I.5Linker\LINK0.TEXT">
      <Filter>psystem sources for reference\linker</Filter>
    </None>
    <None Include="..\UCSD Pascal 1.5\I.5Linker\LINK1.TEXT">
      <Filter>psystem sources for reference\linker</Filter>
    </None>
    <None Include="..\UCSD Pascal 1.5\I.5Linker\LINK2.TEXT">
      <Filter>psystem sources for reference\linker</Filter>
    </None>
    <None Include="..\UCSD Pascal 1.5\I.5Linker\LINK3A.TEXT">
      <Filter>psystem sources for reference\linker</Filter>
    </None>
    <None Include="..\UCSD Pascal 1.5\I.5Linker\LINK3B.TEXT">
      <Filter>psystem sources for reference\linker</Filter>
    </None>
    <None Include="..\UCSD Pascal 1.5\I.5Linker\LINKER.TEXT">
      <Filter>psystem sources for reference\linker</Filter>
    </None>
    <None Include="..\UCSD Pascal 1.5\I.5System\GLOBALS.TEXT">
      <Filter>psystem sources for reference\system</Filter>
    </None>
    <None Include="..\UCSD Pascal 1.5\I.5System\SYSSEGS.TEXT">
      <Filter>psystem sources for reference\system</Filter>
    </None>
    <None Include="..\UCSD Pascal 1.5\I.5System\SYSTEM.B.TEXT">
      <Filter>psystem sources for reference\system</Filter>
    </None>
    <None Include="..\UCSD Pascal 1.5\I.5System\SYSTEM.C.TEXT">
      <Filter>psystem sources for reference\system</Filter>
    </None>
    <None Include="..\UCSD Pascal 1.5\I.5System\SYSTEM.TEXT">
      <Filter>psystem sources for reference\system</Filter>
    </None>
    <None Include="README">
      <Filter>doc</Filter>
    </None>
    <None Include="turtle_graphics\turt.asm.text">
      <Filter>doc</Filter>
    </None>
    <None Include="turtle_graphics\turtlegr.text">
      <Filter>doc</Filter>
    </None>
    <None Include="..\ucsd-psystem-os-1.3-raw\long_integer\decop.a.text">
      <Filter>doc</Filter>
    </None>
    <None Include="..\ucsd-psystem-os-1.3-raw\long_integer\decop.b.text">
      <Filter>doc</Filter>
    </None>
    <None Include="..\ucsd-psystem-os-1.3-raw\long_integer\drwstuff.text">
      <Filter>doc</Filter>
    </None>
    <None Include="..\ucsd-psystem-os-1.3-raw\long_integer\globals.text">
      <Filter>doc</Filter>
    </None>
    <None Include="..\ucsd-psystem-os-1.3-raw\long_integer\main.text">
      <Filter>doc</Filter>
    </None>
    <None Include="..\ucsd-psystem-os-1.3-raw\transcendental\main.text">
      <Filter>doc</Filter>
    </None>
    <None Include="..\ucsd-psystem-os-1.3-raw\turtle_graphics\main.text">
      <Filter>doc</Filter>
    </None>
    <None Include="lib\config.h.in">
      <Filter>misc</Filter>
    </None>
  </ItemGroup>
  <ItemGroup>
    <Text Include="..\UCSD Pascal 1.5\filer-F5\filenote.txt">
      <Filter>psystem sources for reference\filer</Filter>
    </Text>
    <Text Include="..\UCSD Pascal 1.5\filer-F5\FILER.TXT">
      <Filter>psystem sources for reference\filer</Filter>
    </Text>
    <Text Include="..\UCSD Pascal 1.5\filer-F5\FILERA.TXT">
      <Filter>psystem sources for reference\filer</Filter>
    </Text>
    <Text Include="..\UCSD Pascal 1.5\filer-F5\FILERB.TXT">
      <Filter>psystem sources for reference\filer</Filter>
    </Text>
    <Text Include="..\UCSD Pascal 1.5\filer-F5\FILERC.TXT">
      <Filter>psystem sources for reference\filer</Filter>
    </Text>
    <Text Include="..\UCSD Pascal 1.5\filer-F5\FILERD.TXT">
      <Filter>psystem sources for reference\filer</Filter>
    </Text>
    <Text Include="..\UCSD Pascal 1.5\filer-F5\GLOBALS.TXT">
      <Filter>psystem sources for reference\filer</Filter>
    </Text>
  </ItemGroup>
</Project>